// !$*UTF8*$!
{
	archiveVersion = 1;
	classes = {
	};
	objectVersion = 46;
	objects = {

/* Begin PBXBuildFile section */
		59515F8E2EAA6B25FAD826A1 /* Pods_AppCodeFrame.framework in Frameworks */ = {isa = PBXBuildFile; fileRef = 5E6198E45C1C0E4530401F6C /* Pods_AppCodeFrame.framework */; settings = {ATTRIBUTES = (Weak, ); }; };
		B211997F1AF1234F00F4DE67 /* BaseHttpConnect.swift in Sources */ = {isa = PBXBuildFile; fileRef = B211997D1AF1234F00F4DE67 /* BaseHttpConnect.swift */; };
		B21199801AF1234F00F4DE67 /* FileHttpConnect.swift in Sources */ = {isa = PBXBuildFile; fileRef = B211997E1AF1234F00F4DE67 /* FileHttpConnect.swift */; };
		B21199841AF1246300F4DE67 /* JsonHttpConnect.swift in Sources */ = {isa = PBXBuildFile; fileRef = B21199831AF1246300F4DE67 /* JsonHttpConnect.swift */; };
		B21199871AF12F4600F4DE67 /* BaseModel.swift in Sources */ = {isa = PBXBuildFile; fileRef = B21199861AF12F4600F4DE67 /* BaseModel.swift */; };
		B21199891AF1311D00F4DE67 /* BusinessDelegate.swift in Sources */ = {isa = PBXBuildFile; fileRef = B21199881AF1311D00F4DE67 /* BusinessDelegate.swift */; };
		B211998B1AF137A300F4DE67 /* HttpErrorCodeManager.swift in Sources */ = {isa = PBXBuildFile; fileRef = B211998A1AF137A300F4DE67 /* HttpErrorCodeManager.swift */; };
		B2607B201AEFD2440012357D /* main.m in Sources */ = {isa = PBXBuildFile; fileRef = B2607B1F1AEFD2440012357D /* main.m */; };
		B2607B231AEFD2440012357D /* AppDelegate.m in Sources */ = {isa = PBXBuildFile; fileRef = B2607B221AEFD2440012357D /* AppDelegate.m */; };
		B2607B261AEFD2440012357D /* ViewController.m in Sources */ = {isa = PBXBuildFile; fileRef = B2607B251AEFD2440012357D /* ViewController.m */; };
		B2607B291AEFD2440012357D /* Main.storyboard in Resources */ = {isa = PBXBuildFile; fileRef = B2607B271AEFD2440012357D /* Main.storyboard */; };
		B2607B2E1AEFD2440012357D /* LaunchScreen.xib in Resources */ = {isa = PBXBuildFile; fileRef = B2607B2C1AEFD2440012357D /* LaunchScreen.xib */; };
		B2607B3A1AEFD2440012357D /* AppCodeFrameTests.m in Sources */ = {isa = PBXBuildFile; fileRef = B2607B391AEFD2440012357D /* AppCodeFrameTests.m */; };
		B2607B551AEFDADB0012357D /* BaseBuiness.swift in Sources */ = {isa = PBXBuildFile; fileRef = B2607B4A1AEFDADB0012357D /* BaseBuiness.swift */; };
		B2607B561AEFDADB0012357D /* BuinessProtocol.swift in Sources */ = {isa = PBXBuildFile; fileRef = B2607B4B1AEFDADB0012357D /* BuinessProtocol.swift */; };
		B2607B591AEFDADB0012357D /* HttpConnectDelegate.swift in Sources */ = {isa = PBXBuildFile; fileRef = B2607B511AEFDADB0012357D /* HttpConnectDelegate.swift */; };
		B2607B5A1AEFDADB0012357D /* HttpConnectProtocol.swift in Sources */ = {isa = PBXBuildFile; fileRef = B2607B521AEFDADB0012357D /* HttpConnectProtocol.swift */; };
		B2607B5E1AEFDB300012357D /* Images.xcassets in Resources */ = {isa = PBXBuildFile; fileRef = B2607B5D1AEFDB300012357D /* Images.xcassets */; };
		B272B4B11AF20E2B0036852F /* BusinessRacProtocol.swift in Sources */ = {isa = PBXBuildFile; fileRef = B272B4B01AF20E2B0036852F /* BusinessRacProtocol.swift */; };
		B272B4B31AF20FFE0036852F /* ReactiveCocoa.framework in Frameworks */ = {isa = PBXBuildFile; fileRef = B272B4B21AF20FFE0036852F /* ReactiveCocoa.framework */; };
		B272B4B51AF218310036852F /* LlamaKit.framework in Frameworks */ = {isa = PBXBuildFile; fileRef = B272B4B41AF218310036852F /* LlamaKit.framework */; };
		B272B4B71AF219340036852F /* BaseBusinessRacExtension.swift in Sources */ = {isa = PBXBuildFile; fileRef = B272B4B61AF219340036852F /* BaseBusinessRacExtension.swift */; };
/* End PBXBuildFile section */

/* Begin PBXContainerItemProxy section */
		B2607B341AEFD2440012357D /* PBXContainerItemProxy */ = {
			isa = PBXContainerItemProxy;
			containerPortal = B2607B121AEFD2440012357D /* Project object */;
			proxyType = 1;
			remoteGlobalIDString = B2607B191AEFD2440012357D;
			remoteInfo = AppCodeFrame;
		};
/* End PBXContainerItemProxy section */

/* Begin PBXFileReference section */
		5E6198E45C1C0E4530401F6C /* Pods_AppCodeFrame.framework */ = {isa = PBXFileReference; explicitFileType = wrapper.framework; includeInIndex = 0; path = Pods_AppCodeFrame.framework; sourceTree = BUILT_PRODUCTS_DIR; };
		772DABF7DCFD45DC8D7AE0E5 /* Pods-AppCodeFrame.debug.xcconfig */ = {isa = PBXFileReference; includeInIndex = 1; lastKnownFileType = text.xcconfig; name = "Pods-AppCodeFrame.debug.xcconfig"; path = "Pods/Target Support Files/Pods-AppCodeFrame/Pods-AppCodeFrame.debug.xcconfig"; sourceTree = "<group>"; };
		9DC32BA34AF3E50F2B517EB5 /* Pods-AppCodeFrame.release.xcconfig */ = {isa = PBXFileReference; includeInIndex = 1; lastKnownFileType = text.xcconfig; name = "Pods-AppCodeFrame.release.xcconfig"; path = "Pods/Target Support Files/Pods-AppCodeFrame/Pods-AppCodeFrame.release.xcconfig"; sourceTree = "<group>"; };
		B211997D1AF1234F00F4DE67 /* BaseHttpConnect.swift */ = {isa = PBXFileReference; fileEncoding = 4; lastKnownFileType = sourcecode.swift; path = BaseHttpConnect.swift; sourceTree = "<group>"; };
		B211997E1AF1234F00F4DE67 /* FileHttpConnect.swift */ = {isa = PBXFileReference; fileEncoding = 4; lastKnownFileType = sourcecode.swift; path = FileHttpConnect.swift; sourceTree = "<group>"; };
		B21199831AF1246300F4DE67 /* JsonHttpConnect.swift */ = {isa = PBXFileReference; fileEncoding = 4; lastKnownFileType = sourcecode.swift; path = JsonHttpConnect.swift; sourceTree = "<group>"; };
		B21199861AF12F4600F4DE67 /* BaseModel.swift */ = {isa = PBXFileReference; fileEncoding = 4; lastKnownFileType = sourcecode.swift; name = BaseModel.swift; path = Model/BaseModel.swift; sourceTree = "<group>"; };
		B21199881AF1311D00F4DE67 /* BusinessDelegate.swift */ = {isa = PBXFileReference; fileEncoding = 4; lastKnownFileType = sourcecode.swift; path = BusinessDelegate.swift; sourceTree = "<group>"; };
		B211998A1AF137A300F4DE67 /* HttpErrorCodeManager.swift */ = {isa = PBXFileReference; fileEncoding = 4; lastKnownFileType = sourcecode.swift; path = HttpErrorCodeManager.swift; sourceTree = "<group>"; };
		B2607B1A1AEFD2440012357D /* AppCodeFrame.app */ = {isa = PBXFileReference; explicitFileType = wrapper.application; includeInIndex = 0; path = AppCodeFrame.app; sourceTree = BUILT_PRODUCTS_DIR; };
		B2607B1E1AEFD2440012357D /* Info.plist */ = {isa = PBXFileReference; lastKnownFileType = text.plist.xml; path = Info.plist; sourceTree = "<group>"; };
		B2607B1F1AEFD2440012357D /* main.m */ = {isa = PBXFileReference; lastKnownFileType = sourcecode.c.objc; path = main.m; sourceTree = "<group>"; };
		B2607B211AEFD2440012357D /* AppDelegate.h */ = {isa = PBXFileReference; lastKnownFileType = sourcecode.c.h; path = AppDelegate.h; sourceTree = "<group>"; };
		B2607B221AEFD2440012357D /* AppDelegate.m */ = {isa = PBXFileReference; lastKnownFileType = sourcecode.c.objc; path = AppDelegate.m; sourceTree = "<group>"; };
		B2607B241AEFD2440012357D /* ViewController.h */ = {isa = PBXFileReference; lastKnownFileType = sourcecode.c.h; path = ViewController.h; sourceTree = "<group>"; };
		B2607B251AEFD2440012357D /* ViewController.m */ = {isa = PBXFileReference; lastKnownFileType = sourcecode.c.objc; path = ViewController.m; sourceTree = "<group>"; };
		B2607B281AEFD2440012357D /* Base */ = {isa = PBXFileReference; lastKnownFileType = file.storyboard; name = Base; path = Base.lproj/Main.storyboard; sourceTree = "<group>"; };
		B2607B2D1AEFD2440012357D /* Base */ = {isa = PBXFileReference; lastKnownFileType = file.xib; name = Base; path = Base.lproj/LaunchScreen.xib; sourceTree = "<group>"; };
		B2607B331AEFD2440012357D /* AppCodeFrameTests.xctest */ = {isa = PBXFileReference; explicitFileType = wrapper.cfbundle; includeInIndex = 0; path = AppCodeFrameTests.xctest; sourceTree = BUILT_PRODUCTS_DIR; };
		B2607B381AEFD2440012357D /* Info.plist */ = {isa = PBXFileReference; lastKnownFileType = text.plist.xml; path = Info.plist; sourceTree = "<group>"; };
		B2607B391AEFD2440012357D /* AppCodeFrameTests.m */ = {isa = PBXFileReference; lastKnownFileType = sourcecode.c.objc; path = AppCodeFrameTests.m; sourceTree = "<group>"; };
		B2607B4A1AEFDADB0012357D /* BaseBuiness.swift */ = {isa = PBXFileReference; fileEncoding = 4; lastKnownFileType = sourcecode.swift; path = BaseBuiness.swift; sourceTree = "<group>"; };
		B2607B4B1AEFDADB0012357D /* BuinessProtocol.swift */ = {isa = PBXFileReference; fileEncoding = 4; lastKnownFileType = sourcecode.swift; path = BuinessProtocol.swift; sourceTree = "<group>"; };
		B2607B511AEFDADB0012357D /* HttpConnectDelegate.swift */ = {isa = PBXFileReference; fileEncoding = 4; lastKnownFileType = sourcecode.swift; path = HttpConnectDelegate.swift; sourceTree = "<group>"; };
		B2607B521AEFDADB0012357D /* HttpConnectProtocol.swift */ = {isa = PBXFileReference; fileEncoding = 4; lastKnownFileType = sourcecode.swift; path = HttpConnectProtocol.swift; sourceTree = "<group>"; };
		B2607B5D1AEFDB300012357D /* Images.xcassets */ = {isa = PBXFileReference; lastKnownFileType = folder.assetcatalog; path = Images.xcassets; sourceTree = "<group>"; };
		B272B4B01AF20E2B0036852F /* BusinessRacProtocol.swift */ = {isa = PBXFileReference; fileEncoding = 4; lastKnownFileType = sourcecode.swift; path = BusinessRacProtocol.swift; sourceTree = "<group>"; };
		B272B4B21AF20FFE0036852F /* ReactiveCocoa.framework */ = {isa = PBXFileReference; lastKnownFileType = wrapper.framework; path = ReactiveCocoa.framework; sourceTree = SOURCE_ROOT; };
		B272B4B41AF218310036852F /* LlamaKit.framework */ = {isa = PBXFileReference; lastKnownFileType = wrapper.framework; path = LlamaKit.framework; sourceTree = SOURCE_ROOT; };
		B272B4B61AF219340036852F /* BaseBusinessRacExtension.swift */ = {isa = PBXFileReference; fileEncoding = 4; lastKnownFileType = sourcecode.swift; path = BaseBusinessRacExtension.swift; sourceTree = "<group>"; };
/* End PBXFileReference section */

/* Begin PBXFrameworksBuildPhase section */
		B2607B171AEFD2440012357D /* Frameworks */ = {
			isa = PBXFrameworksBuildPhase;
			buildActionMask = 2147483647;
			files = (
				59515F8E2EAA6B25FAD826A1 /* Pods_AppCodeFrame.framework in Frameworks */,
				B272B4B31AF20FFE0036852F /* ReactiveCocoa.framework in Frameworks */,
				B272B4B51AF218310036852F /* LlamaKit.framework in Frameworks */,
			);
			runOnlyForDeploymentPostprocessing = 0;
		};
		B2607B301AEFD2440012357D /* Frameworks */ = {
			isa = PBXFrameworksBuildPhase;
			buildActionMask = 2147483647;
			files = (
			);
			runOnlyForDeploymentPostprocessing = 0;
		};
/* End PBXFrameworksBuildPhase section */

/* Begin PBXGroup section */
		97A5D9B797B4E3755538D60E /* Pods */ = {
			isa = PBXGroup;
			children = (
				772DABF7DCFD45DC8D7AE0E5 /* Pods-AppCodeFrame.debug.xcconfig */,
				9DC32BA34AF3E50F2B517EB5 /* Pods-AppCodeFrame.release.xcconfig */,
			);
			name = Pods;
			sourceTree = "<group>";
		};
		B21199851AF12F0300F4DE67 /* Model */ = {
			isa = PBXGroup;
			children = (
				B21199861AF12F4600F4DE67 /* BaseModel.swift */,
			);
			name = Model;
			sourceTree = "<group>";
		};
		B2607B111AEFD2440012357D = {
			isa = PBXGroup;
			children = (
				B2607B1C1AEFD2440012357D /* AppCodeFrame */,
				B2607B361AEFD2440012357D /* AppCodeFrameTests */,
				B2607B1B1AEFD2440012357D /* Products */,
				97A5D9B797B4E3755538D60E /* Pods */,
				B96A6946170121FE3CA0DD4D /* Frameworks */,
			);
			sourceTree = "<group>";
		};
		B2607B1B1AEFD2440012357D /* Products */ = {
			isa = PBXGroup;
			children = (
				B2607B1A1AEFD2440012357D /* AppCodeFrame.app */,
				B2607B331AEFD2440012357D /* AppCodeFrameTests.xctest */,
			);
			name = Products;
			sourceTree = "<group>";
		};
		B2607B1C1AEFD2440012357D /* AppCodeFrame */ = {
			isa = PBXGroup;
			children = (
				B21199851AF12F0300F4DE67 /* Model */,
				B2607B211AEFD2440012357D /* AppDelegate.h */,
				B2607B221AEFD2440012357D /* AppDelegate.m */,
				B2607B241AEFD2440012357D /* ViewController.h */,
				B2607B251AEFD2440012357D /* ViewController.m */,
				B2607B271AEFD2440012357D /* Main.storyboard */,
				B2607B481AEFDADB0012357D /* Store */,
				B2607B531AEFDADB0012357D /* Utils */,
				B2607B471AEFDADB0012357D /* Libraries */,
				B2607B5C1AEFDB300012357D /* Resources */,
				B2607B2C1AEFD2440012357D /* LaunchScreen.xib */,
				B2607B1D1AEFD2440012357D /* Supporting Files */,
			);
			path = AppCodeFrame;
			sourceTree = "<group>";
		};
		B2607B1D1AEFD2440012357D /* Supporting Files */ = {
			isa = PBXGroup;
			children = (
				B272B4B41AF218310036852F /* LlamaKit.framework */,
				B272B4B21AF20FFE0036852F /* ReactiveCocoa.framework */,
				B2607B1E1AEFD2440012357D /* Info.plist */,
				B2607B1F1AEFD2440012357D /* main.m */,
			);
			name = "Supporting Files";
			sourceTree = "<group>";
		};
		B2607B361AEFD2440012357D /* AppCodeFrameTests */ = {
			isa = PBXGroup;
			children = (
				B2607B391AEFD2440012357D /* AppCodeFrameTests.m */,
				B2607B371AEFD2440012357D /* Supporting Files */,
			);
			path = AppCodeFrameTests;
			sourceTree = "<group>";
		};
		B2607B371AEFD2440012357D /* Supporting Files */ = {
			isa = PBXGroup;
			children = (
				B2607B381AEFD2440012357D /* Info.plist */,
			);
			name = "Supporting Files";
			sourceTree = "<group>";
		};
		B2607B471AEFDADB0012357D /* Libraries */ = {
			isa = PBXGroup;
			children = (
			);
			path = Libraries;
			sourceTree = "<group>";
		};
		B2607B481AEFDADB0012357D /* Store */ = {
			isa = PBXGroup;
			children = (
				B2607B491AEFDADB0012357D /* BusinessApi */,
			);
			path = Store;
			sourceTree = "<group>";
		};
		B2607B491AEFDADB0012357D /* BusinessApi */ = {
			isa = PBXGroup;
			children = (
				B2607B4A1AEFDADB0012357D /* BaseBuiness.swift */,
				B2607B4B1AEFDADB0012357D /* BuinessProtocol.swift */,
				B21199881AF1311D00F4DE67 /* BusinessDelegate.swift */,
				B272B4B01AF20E2B0036852F /* BusinessRacProtocol.swift */,
				B272B4B61AF219340036852F /* BaseBusinessRacExtension.swift */,
				B2607B4C1AEFDADB0012357D /* HttpConnect */,
			);
			path = BusinessApi;
			sourceTree = "<group>";
		};
		B2607B4C1AEFDADB0012357D /* HttpConnect */ = {
			isa = PBXGroup;
			children = (
				B211997D1AF1234F00F4DE67 /* BaseHttpConnect.swift */,
				B211997E1AF1234F00F4DE67 /* FileHttpConnect.swift */,
				B21199831AF1246300F4DE67 /* JsonHttpConnect.swift */,
				B2607B511AEFDADB0012357D /* HttpConnectDelegate.swift */,
				B2607B521AEFDADB0012357D /* HttpConnectProtocol.swift */,
				B211998A1AF137A300F4DE67 /* HttpErrorCodeManager.swift */,
			);
			path = HttpConnect;
			sourceTree = "<group>";
		};
		B2607B531AEFDADB0012357D /* Utils */ = {
			isa = PBXGroup;
			children = (
			);
			path = Utils;
			sourceTree = "<group>";
		};
		B2607B5C1AEFDB300012357D /* Resources */ = {
			isa = PBXGroup;
			children = (
				B2607B5D1AEFDB300012357D /* Images.xcassets */,
			);
			path = Resources;
			sourceTree = "<group>";
		};
		B96A6946170121FE3CA0DD4D /* Frameworks */ = {
			isa = PBXGroup;
			children = (
				5E6198E45C1C0E4530401F6C /* Pods_AppCodeFrame.framework */,
			);
			name = Frameworks;
			sourceTree = "<group>";
		};
/* End PBXGroup section */

/* Begin PBXNativeTarget section */
		B2607B191AEFD2440012357D /* AppCodeFrame */ = {
			isa = PBXNativeTarget;
			buildConfigurationList = B2607B3D1AEFD2440012357D /* Build configuration list for PBXNativeTarget "AppCodeFrame" */;
			buildPhases = (
				7201BC57FEB29EC2A1649790 /* Check Pods Manifest.lock */,
				B2607B161AEFD2440012357D /* Sources */,
				B2607B171AEFD2440012357D /* Frameworks */,
				B2607B181AEFD2440012357D /* Resources */,
				AD3F6F38096522B11682B96E /* Embed Pods Frameworks */,
				72A51681C2C6A87EF93DD05D /* Copy Pods Resources */,
			);
			buildRules = (
			);
			dependencies = (
			);
			name = AppCodeFrame;
			productName = AppCodeFrame;
			productReference = B2607B1A1AEFD2440012357D /* AppCodeFrame.app */;
			productType = "com.apple.product-type.application";
		};
		B2607B321AEFD2440012357D /* AppCodeFrameTests */ = {
			isa = PBXNativeTarget;
			buildConfigurationList = B2607B401AEFD2440012357D /* Build configuration list for PBXNativeTarget "AppCodeFrameTests" */;
			buildPhases = (
				B2607B2F1AEFD2440012357D /* Sources */,
				B2607B301AEFD2440012357D /* Frameworks */,
				B2607B311AEFD2440012357D /* Resources */,
			);
			buildRules = (
			);
			dependencies = (
				B2607B351AEFD2440012357D /* PBXTargetDependency */,
			);
			name = AppCodeFrameTests;
			productName = AppCodeFrameTests;
			productReference = B2607B331AEFD2440012357D /* AppCodeFrameTests.xctest */;
			productType = "com.apple.product-type.bundle.unit-test";
		};
/* End PBXNativeTarget section */

/* Begin PBXProject section */
		B2607B121AEFD2440012357D /* Project object */ = {
			isa = PBXProject;
			attributes = {
				LastUpgradeCheck = 0630;
				ORGANIZATIONNAME = jayden;
				TargetAttributes = {
					B2607B191AEFD2440012357D = {
						CreatedOnToolsVersion = 6.3;
					};
					B2607B321AEFD2440012357D = {
						CreatedOnToolsVersion = 6.3;
						TestTargetID = B2607B191AEFD2440012357D;
					};
				};
			};
			buildConfigurationList = B2607B151AEFD2440012357D /* Build configuration list for PBXProject "AppCodeFrame" */;
			compatibilityVersion = "Xcode 3.2";
			developmentRegion = English;
			hasScannedForEncodings = 0;
			knownRegions = (
				en,
				Base,
			);
			mainGroup = B2607B111AEFD2440012357D;
			productRefGroup = B2607B1B1AEFD2440012357D /* Products */;
			projectDirPath = "";
			projectRoot = "";
			targets = (
				B2607B191AEFD2440012357D /* AppCodeFrame */,
				B2607B321AEFD2440012357D /* AppCodeFrameTests */,
			);
		};
/* End PBXProject section */

/* Begin PBXResourcesBuildPhase section */
		B2607B181AEFD2440012357D /* Resources */ = {
			isa = PBXResourcesBuildPhase;
			buildActionMask = 2147483647;
			files = (
				B2607B5E1AEFDB300012357D /* Images.xcassets in Resources */,
				B2607B291AEFD2440012357D /* Main.storyboard in Resources */,
				B2607B2E1AEFD2440012357D /* LaunchScreen.xib in Resources */,
			);
			runOnlyForDeploymentPostprocessing = 0;
		};
		B2607B311AEFD2440012357D /* Resources */ = {
			isa = PBXResourcesBuildPhase;
			buildActionMask = 2147483647;
			files = (
			);
			runOnlyForDeploymentPostprocessing = 0;
		};
/* End PBXResourcesBuildPhase section */

/* Begin PBXShellScriptBuildPhase section */
		7201BC57FEB29EC2A1649790 /* Check Pods Manifest.lock */ = {
			isa = PBXShellScriptBuildPhase;
			buildActionMask = 2147483647;
			files = (
			);
			inputPaths = (
			);
			name = "Check Pods Manifest.lock";
			outputPaths = (
			);
			runOnlyForDeploymentPostprocessing = 0;
			shellPath = /bin/sh;
			shellScript = "diff \"${PODS_ROOT}/../Podfile.lock\" \"${PODS_ROOT}/Manifest.lock\" > /dev/null\nif [[ $? != 0 ]] ; then\n    cat << EOM\nerror: The sandbox is not in sync with the Podfile.lock. Run 'pod install' or update your CocoaPods installation.\nEOM\n    exit 1\nfi\n";
			showEnvVarsInLog = 0;
		};
		72A51681C2C6A87EF93DD05D /* Copy Pods Resources */ = {
			isa = PBXShellScriptBuildPhase;
			buildActionMask = 2147483647;
			files = (
			);
			inputPaths = (
			);
			name = "Copy Pods Resources";
			outputPaths = (
			);
			runOnlyForDeploymentPostprocessing = 0;
			shellPath = /bin/sh;
			shellScript = "\"${SRCROOT}/Pods/Target Support Files/Pods-AppCodeFrame/Pods-AppCodeFrame-resources.sh\"\n";
			showEnvVarsInLog = 0;
		};
		AD3F6F38096522B11682B96E /* Embed Pods Frameworks */ = {
			isa = PBXShellScriptBuildPhase;
			buildActionMask = 2147483647;
			files = (
			);
			inputPaths = (
			);
			name = "Embed Pods Frameworks";
			outputPaths = (
			);
			runOnlyForDeploymentPostprocessing = 0;
			shellPath = /bin/sh;
			shellScript = "\"${SRCROOT}/Pods/Target Support Files/Pods-AppCodeFrame/Pods-AppCodeFrame-frameworks.sh\"\n";
			showEnvVarsInLog = 0;
		};
/* End PBXShellScriptBuildPhase section */

/* Begin PBXSourcesBuildPhase section */
		B2607B161AEFD2440012357D /* Sources */ = {
			isa = PBXSourcesBuildPhase;
			buildActionMask = 2147483647;
			files = (
				B2607B591AEFDADB0012357D /* HttpConnectDelegate.swift in Sources */,
				B272B4B71AF219340036852F /* BaseBusinessRacExtension.swift in Sources */,
				B2607B561AEFDADB0012357D /* BuinessProtocol.swift in Sources */,
				B21199841AF1246300F4DE67 /* JsonHttpConnect.swift in Sources */,
				B211997F1AF1234F00F4DE67 /* BaseHttpConnect.swift in Sources */,
				B2607B551AEFDADB0012357D /* BaseBuiness.swift in Sources */,
				B21199871AF12F4600F4DE67 /* BaseModel.swift in Sources */,
				B2607B261AEFD2440012357D /* ViewController.m in Sources */,
				B21199801AF1234F00F4DE67 /* FileHttpConnect.swift in Sources */,
				B272B4B11AF20E2B0036852F /* BusinessRacProtocol.swift in Sources */,
				B211998B1AF137A300F4DE67 /* HttpErrorCodeManager.swift in Sources */,
				B21199891AF1311D00F4DE67 /* BusinessDelegate.swift in Sources */,
				B2607B5A1AEFDADB0012357D /* HttpConnectProtocol.swift in Sources */,
				B2607B231AEFD2440012357D /* AppDelegate.m in Sources */,
				B2607B201AEFD2440012357D /* main.m in Sources */,
			);
			runOnlyForDeploymentPostprocessing = 0;
		};
		B2607B2F1AEFD2440012357D /* Sources */ = {
			isa = PBXSourcesBuildPhase;
			buildActionMask = 2147483647;
			files = (
				B2607B3A1AEFD2440012357D /* AppCodeFrameTests.m in Sources */,
			);
			runOnlyForDeploymentPostprocessing = 0;
		};
/* End PBXSourcesBuildPhase section */

/* Begin PBXTargetDependency section */
		B2607B351AEFD2440012357D /* PBXTargetDependency */ = {
			isa = PBXTargetDependency;
			target = B2607B191AEFD2440012357D /* AppCodeFrame */;
			targetProxy = B2607B341AEFD2440012357D /* PBXContainerItemProxy */;
		};
/* End PBXTargetDependency section */

/* Begin PBXVariantGroup section */
		B2607B271AEFD2440012357D /* Main.storyboard */ = {
			isa = PBXVariantGroup;
			children = (
				B2607B281AEFD2440012357D /* Base */,
			);
			name = Main.storyboard;
			sourceTree = "<group>";
		};
		B2607B2C1AEFD2440012357D /* LaunchScreen.xib */ = {
			isa = PBXVariantGroup;
			children = (
				B2607B2D1AEFD2440012357D /* Base */,
			);
			name = LaunchScreen.xib;
			sourceTree = "<group>";
		};
/* End PBXVariantGroup section */

/* Begin XCBuildConfiguration section */
		B2607B3B1AEFD2440012357D /* Debug */ = {
			isa = XCBuildConfiguration;
			buildSettings = {
				ALWAYS_SEARCH_USER_PATHS = NO;
				CLANG_CXX_LANGUAGE_STANDARD = "gnu++0x";
				CLANG_CXX_LIBRARY = "libc++";
				CLANG_ENABLE_MODULES = YES;
				CLANG_ENABLE_OBJC_ARC = YES;
				CLANG_WARN_BOOL_CONVERSION = YES;
				CLANG_WARN_CONSTANT_CONVERSION = YES;
				CLANG_WARN_DIRECT_OBJC_ISA_USAGE = YES_ERROR;
				CLANG_WARN_EMPTY_BODY = YES;
				CLANG_WARN_ENUM_CONVERSION = YES;
				CLANG_WARN_INT_CONVERSION = YES;
				CLANG_WARN_OBJC_ROOT_CLASS = YES_ERROR;
				CLANG_WARN_UNREACHABLE_CODE = YES;
				CLANG_WARN__DUPLICATE_METHOD_MATCH = YES;
				"CODE_SIGN_IDENTITY[sdk=iphoneos*]" = "iPhone Developer";
				COPY_PHASE_STRIP = NO;
				DEBUG_INFORMATION_FORMAT = "dwarf-with-dsym";
				ENABLE_STRICT_OBJC_MSGSEND = YES;
				GCC_C_LANGUAGE_STANDARD = gnu99;
				GCC_DYNAMIC_NO_PIC = NO;
				GCC_NO_COMMON_BLOCKS = YES;
				GCC_OPTIMIZATION_LEVEL = 0;
				GCC_PREPROCESSOR_DEFINITIONS = (
					"DEBUG=1",
					"$(inherited)",
				);
				GCC_SYMBOLS_PRIVATE_EXTERN = NO;
				GCC_WARN_64_TO_32_BIT_CONVERSION = YES;
				GCC_WARN_ABOUT_RETURN_TYPE = YES_ERROR;
				GCC_WARN_UNDECLARED_SELECTOR = YES;
				GCC_WARN_UNINITIALIZED_AUTOS = YES_AGGRESSIVE;
				GCC_WARN_UNUSED_FUNCTION = YES;
				GCC_WARN_UNUSED_VARIABLE = YES;
				IPHONEOS_DEPLOYMENT_TARGET = 8.3;
				MTL_ENABLE_DEBUG_INFO = YES;
				ONLY_ACTIVE_ARCH = YES;
				SDKROOT = iphoneos;
				TARGETED_DEVICE_FAMILY = "1,2";
			};
			name = Debug;
		};
		B2607B3C1AEFD2440012357D /* Release */ = {
			isa = XCBuildConfiguration;
			buildSettings = {
				ALWAYS_SEARCH_USER_PATHS = NO;
				CLANG_CXX_LANGUAGE_STANDARD = "gnu++0x";
				CLANG_CXX_LIBRARY = "libc++";
				CLANG_ENABLE_MODULES = YES;
				CLANG_ENABLE_OBJC_ARC = YES;
				CLANG_WARN_BOOL_CONVERSION = YES;
				CLANG_WARN_CONSTANT_CONVERSION = YES;
				CLANG_WARN_DIRECT_OBJC_ISA_USAGE = YES_ERROR;
				CLANG_WARN_EMPTY_BODY = YES;
				CLANG_WARN_ENUM_CONVERSION = YES;
				CLANG_WARN_INT_CONVERSION = YES;
				CLANG_WARN_OBJC_ROOT_CLASS = YES_ERROR;
				CLANG_WARN_UNREACHABLE_CODE = YES;
				CLANG_WARN__DUPLICATE_METHOD_MATCH = YES;
				"CODE_SIGN_IDENTITY[sdk=iphoneos*]" = "iPhone Developer";
				COPY_PHASE_STRIP = NO;
				DEBUG_INFORMATION_FORMAT = "dwarf-with-dsym";
				ENABLE_NS_ASSERTIONS = NO;
				ENABLE_STRICT_OBJC_MSGSEND = YES;
				GCC_C_LANGUAGE_STANDARD = gnu99;
				GCC_NO_COMMON_BLOCKS = YES;
				GCC_WARN_64_TO_32_BIT_CONVERSION = YES;
				GCC_WARN_ABOUT_RETURN_TYPE = YES_ERROR;
				GCC_WARN_UNDECLARED_SELECTOR = YES;
				GCC_WARN_UNINITIALIZED_AUTOS = YES_AGGRESSIVE;
				GCC_WARN_UNUSED_FUNCTION = YES;
				GCC_WARN_UNUSED_VARIABLE = YES;
				IPHONEOS_DEPLOYMENT_TARGET = 8.3;
				MTL_ENABLE_DEBUG_INFO = NO;
				SDKROOT = iphoneos;
				TARGETED_DEVICE_FAMILY = "1,2";
				VALIDATE_PRODUCT = YES;
			};
			name = Release;
		};
		B2607B3E1AEFD2440012357D /* Debug */ = {
			isa = XCBuildConfiguration;
			baseConfigurationReference = 772DABF7DCFD45DC8D7AE0E5 /* Pods-AppCodeFrame.debug.xcconfig */;
			buildSettings = {
				ASSETCATALOG_COMPILER_APPICON_NAME = AppIcon;
				FRAMEWORK_SEARCH_PATHS = (
					"$(inherited)",
					"$(PROJECT_DIR)",
				);
				INFOPLIST_FILE = AppCodeFrame/Info.plist;
				LD_RUNPATH_SEARCH_PATHS = "$(inherited) @executable_path/Frameworks";
				PRODUCT_NAME = "$(TARGET_NAME)";
			};
			name = Debug;
		};
		B2607B3F1AEFD2440012357D /* Release */ = {
			isa = XCBuildConfiguration;
			baseConfigurationReference = 9DC32BA34AF3E50F2B517EB5 /* Pods-AppCodeFrame.release.xcconfig */;
			buildSettings = {
				ASSETCATALOG_COMPILER_APPICON_NAME = AppIcon;
				FRAMEWORK_SEARCH_PATHS = (
					"$(inherited)",
					"$(PROJECT_DIR)",
				);
				INFOPLIST_FILE = AppCodeFrame/Info.plist;
				LD_RUNPATH_SEARCH_PATHS = "$(inherited) @executable_path/Frameworks";
				PRODUCT_NAME = "$(TARGET_NAME)";
			};
			name = Release;
		};
		B2607B411AEFD2440012357D /* Debug */ = {
			isa = XCBuildConfiguration;
			buildSettings = {
				BUNDLE_LOADER = "$(TEST_HOST)";
				FRAMEWORK_SEARCH_PATHS = (
					"$(SDKROOT)/Developer/Library/Frameworks",
					"$(inherited)",
				);
				GCC_PREPROCESSOR_DEFINITIONS = (
					"DEBUG=1",
					"$(inherited)",
				);
				INFOPLIST_FILE = AppCodeFrameTests/Info.plist;
				LD_RUNPATH_SEARCH_PATHS = "$(inherited) @executable_path/Frameworks @loader_path/Frameworks";
				PRODUCT_NAME = "$(TARGET_NAME)";
				TEST_HOST = "$(BUILT_PRODUCTS_DIR)/AppCodeFrame.app/AppCodeFrame";
			};
			name = Debug;
		};
		B2607B421AEFD2440012357D /* Release */ = {
			isa = XCBuildConfiguration;
			buildSettings = {
				BUNDLE_LOADER = "$(TEST_HOST)";
				FRAMEWORK_SEARCH_PATHS = (
					"$(SDKROOT)/Developer/Library/Frameworks",
					"$(inherited)",
				);
				INFOPLIST_FILE = AppCodeFrameTests/Info.plist;
				LD_RUNPATH_SEARCH_PATHS = "$(inherited) @executable_path/Frameworks @loader_path/Frameworks";
				PRODUCT_NAME = "$(TARGET_NAME)";
				TEST_HOST = "$(BUILT_PRODUCTS_DIR)/AppCodeFrame.app/AppCodeFrame";
			};
			name = Release;
		};
/* End XCBuildConfiguration section */

/* Begin XCConfigurationList section */
		B2607B151AEFD2440012357D /* Build configuration list for PBXProject "AppCodeFrame" */ = {
			isa = XCConfigurationList;
			buildConfigurations = (
				B2607B3B1AEFD2440012357D /* Debug */,
				B2607B3C1AEFD2440012357D /* Release */,
			);
			defaultConfigurationIsVisible = 0;
			defaultConfigurationName = Release;
		};
		B2607B3D1AEFD2440012357D /* Build configuration list for PBXNativeTarget "AppCodeFrame" */ = {
			isa = XCConfigurationList;
			buildConfigurations = (
				B2607B3E1AEFD2440012357D /* Debug */,
				B2607B3F1AEFD2440012357D /* Release */,
			);
			defaultConfigurationIsVisible = 0;
			defaultConfigurationName = Release;
		};
		B2607B401AEFD2440012357D /* Build configuration list for PBXNativeTarget "AppCodeFrameTests" */ = {
			isa = XCConfigurationList;
			buildConfigurations = (
				B2607B411AEFD2440012357D /* Debug */,
				B2607B421AEFD2440012357D /* Release */,
			);
			defaultConfigurationIsVisible = 0;
			defaultConfigurationName = Release;
		};
/* End XCConfigurationList section */
	};
	rootObject = B2607B121AEFD2440012357D /* Project object */;
}
