// !$*UTF8*$!
{
	archiveVersion = 1;
	classes = {
	};
	objectVersion = 46;
	objects = {

/* Begin PBXBuildFile section */
		2503F89910EE36A07BB3369C /* Pods_AppCodeFrame.framework in Frameworks */ = {isa = PBXBuildFile; fileRef = 58ACF3D6EE18E6EAD3BF1CC8 /* Pods_AppCodeFrame.framework */; settings = {ATTRIBUTES = (Weak, ); }; };
		B2CCCB9C1AF227D700E448B2 /* AppDelegate.swift in Sources */ = {isa = PBXBuildFile; fileRef = B2CCCB9B1AF227D700E448B2 /* AppDelegate.swift */; };
		B2CCCB9E1AF227D700E448B2 /* ViewController.swift in Sources */ = {isa = PBXBuildFile; fileRef = B2CCCB9D1AF227D700E448B2 /* ViewController.swift */; };
		B2CCCBA11AF227D800E448B2 /* Main.storyboard in Resources */ = {isa = PBXBuildFile; fileRef = B2CCCB9F1AF227D800E448B2 /* Main.storyboard */; };
		B2CCCBA61AF227D800E448B2 /* LaunchScreen.xib in Resources */ = {isa = PBXBuildFile; fileRef = B2CCCBA41AF227D800E448B2 /* LaunchScreen.xib */; };
		B2CCCBB21AF227D800E448B2 /* AppCodeFrameTests.swift in Sources */ = {isa = PBXBuildFile; fileRef = B2CCCBB11AF227D800E448B2 /* AppCodeFrameTests.swift */; };
		B2CCCBCD1AF2289600E448B2 /* BaseModel.swift in Sources */ = {isa = PBXBuildFile; fileRef = B2CCCBBC1AF2289600E448B2 /* BaseModel.swift */; };
		B2CCCBCE1AF2289600E448B2 /* Images.xcassets in Resources */ = {isa = PBXBuildFile; fileRef = B2CCCBBE1AF2289600E448B2 /* Images.xcassets */; };
		B2CCCBCF1AF2289600E448B2 /* BaseBusiness.swift in Sources */ = {isa = PBXBuildFile; fileRef = B2CCCBC11AF2289600E448B2 /* BaseBusiness.swift */; };
		B2CCCBD01AF2289600E448B2 /* BaseBusinessRacExtension.swift in Sources */ = {isa = PBXBuildFile; fileRef = B2CCCBC21AF2289600E448B2 /* BaseBusinessRacExtension.swift */; };
		B2CCCBD11AF2289600E448B2 /* BusinessProtocol.swift in Sources */ = {isa = PBXBuildFile; fileRef = B2CCCBC31AF2289600E448B2 /* BusinessProtocol.swift */; };
		B2CCCBD21AF2289600E448B2 /* BusinessDelegate.swift in Sources */ = {isa = PBXBuildFile; fileRef = B2CCCBC41AF2289600E448B2 /* BusinessDelegate.swift */; };
		B2CCCBD31AF2289600E448B2 /* BusinessRacProtocol.swift in Sources */ = {isa = PBXBuildFile; fileRef = B2CCCBC51AF2289600E448B2 /* BusinessRacProtocol.swift */; };
		B2CCCBD41AF2289600E448B2 /* BaseHttpConnect.swift in Sources */ = {isa = PBXBuildFile; fileRef = B2CCCBC71AF2289600E448B2 /* BaseHttpConnect.swift */; };
		B2CCCBD51AF2289600E448B2 /* FileHttpConnect.swift in Sources */ = {isa = PBXBuildFile; fileRef = B2CCCBC81AF2289600E448B2 /* FileHttpConnect.swift */; };
		B2CCCBD61AF2289600E448B2 /* HttpConnectDelegate.swift in Sources */ = {isa = PBXBuildFile; fileRef = B2CCCBC91AF2289600E448B2 /* HttpConnectDelegate.swift */; };
		B2CCCBD71AF2289600E448B2 /* HttpConnectProtocol.swift in Sources */ = {isa = PBXBuildFile; fileRef = B2CCCBCA1AF2289600E448B2 /* HttpConnectProtocol.swift */; };
		B2CCCBD91AF2289600E448B2 /* JsonHttpConnect.swift in Sources */ = {isa = PBXBuildFile; fileRef = B2CCCBCC1AF2289600E448B2 /* JsonHttpConnect.swift */; };
		B2CCCBE01AF23E5200E448B2 /* LogUtil.swift in Sources */ = {isa = PBXBuildFile; fileRef = B2CCCBDF1AF23E5200E448B2 /* LogUtil.swift */; };
		B2CCCBE21AF240D200E448B2 /* UserLoginBusiness.swift in Sources */ = {isa = PBXBuildFile; fileRef = B2CCCBE11AF240D200E448B2 /* UserLoginBusiness.swift */; };
		B2F6FB521AF26D4A0055E213 /* BaseViewModel.swift in Sources */ = {isa = PBXBuildFile; fileRef = B2F6FB511AF26D4A0055E213 /* BaseViewModel.swift */; };
/* End PBXBuildFile section */

/* Begin PBXContainerItemProxy section */
		B2CCCBAC1AF227D800E448B2 /* PBXContainerItemProxy */ = {
			isa = PBXContainerItemProxy;
			containerPortal = B2CCCB8E1AF227D700E448B2 /* Project object */;
			proxyType = 1;
			remoteGlobalIDString = B2CCCB951AF227D700E448B2;
			remoteInfo = AppCodeFrame;
		};
/* End PBXContainerItemProxy section */

/* Begin PBXFileReference section */
		58ACF3D6EE18E6EAD3BF1CC8 /* Pods_AppCodeFrame.framework */ = {isa = PBXFileReference; explicitFileType = wrapper.framework; includeInIndex = 0; path = Pods_AppCodeFrame.framework; sourceTree = BUILT_PRODUCTS_DIR; };
		9994287112EF0E11C4692EAA /* Pods-AppCodeFrame.debug.xcconfig */ = {isa = PBXFileReference; includeInIndex = 1; lastKnownFileType = text.xcconfig; name = "Pods-AppCodeFrame.debug.xcconfig"; path = "Pods/Target Support Files/Pods-AppCodeFrame/Pods-AppCodeFrame.debug.xcconfig"; sourceTree = "<group>"; };
		B2CCCB961AF227D700E448B2 /* AppCodeFrame.app */ = {isa = PBXFileReference; explicitFileType = wrapper.application; includeInIndex = 0; path = AppCodeFrame.app; sourceTree = BUILT_PRODUCTS_DIR; };
		B2CCCB9A1AF227D700E448B2 /* Info.plist */ = {isa = PBXFileReference; lastKnownFileType = text.plist.xml; path = Info.plist; sourceTree = "<group>"; };
		B2CCCB9B1AF227D700E448B2 /* AppDelegate.swift */ = {isa = PBXFileReference; lastKnownFileType = sourcecode.swift; path = AppDelegate.swift; sourceTree = "<group>"; };
		B2CCCB9D1AF227D700E448B2 /* ViewController.swift */ = {isa = PBXFileReference; lastKnownFileType = sourcecode.swift; path = ViewController.swift; sourceTree = "<group>"; };
		B2CCCBA01AF227D800E448B2 /* Base */ = {isa = PBXFileReference; lastKnownFileType = file.storyboard; name = Base; path = Base.lproj/Main.storyboard; sourceTree = "<group>"; };
		B2CCCBA51AF227D800E448B2 /* Base */ = {isa = PBXFileReference; lastKnownFileType = file.xib; name = Base; path = Base.lproj/LaunchScreen.xib; sourceTree = "<group>"; };
		B2CCCBAB1AF227D800E448B2 /* AppCodeFrameTests.xctest */ = {isa = PBXFileReference; explicitFileType = wrapper.cfbundle; includeInIndex = 0; path = AppCodeFrameTests.xctest; sourceTree = BUILT_PRODUCTS_DIR; };
		B2CCCBB01AF227D800E448B2 /* Info.plist */ = {isa = PBXFileReference; lastKnownFileType = text.plist.xml; path = Info.plist; sourceTree = "<group>"; };
		B2CCCBB11AF227D800E448B2 /* AppCodeFrameTests.swift */ = {isa = PBXFileReference; lastKnownFileType = sourcecode.swift; path = AppCodeFrameTests.swift; sourceTree = "<group>"; };
		B2CCCBBC1AF2289600E448B2 /* BaseModel.swift */ = {isa = PBXFileReference; fileEncoding = 4; lastKnownFileType = sourcecode.swift; path = BaseModel.swift; sourceTree = "<group>"; };
		B2CCCBBE1AF2289600E448B2 /* Images.xcassets */ = {isa = PBXFileReference; lastKnownFileType = folder.assetcatalog; path = Images.xcassets; sourceTree = "<group>"; };
		B2CCCBC11AF2289600E448B2 /* BaseBusiness.swift */ = {isa = PBXFileReference; fileEncoding = 4; lastKnownFileType = sourcecode.swift; path = BaseBusiness.swift; sourceTree = "<group>"; };
		B2CCCBC21AF2289600E448B2 /* BaseBusinessRacExtension.swift */ = {isa = PBXFileReference; fileEncoding = 4; lastKnownFileType = sourcecode.swift; path = BaseBusinessRacExtension.swift; sourceTree = "<group>"; };
		B2CCCBC31AF2289600E448B2 /* BusinessProtocol.swift */ = {isa = PBXFileReference; fileEncoding = 4; lastKnownFileType = sourcecode.swift; path = BusinessProtocol.swift; sourceTree = "<group>"; };
		B2CCCBC41AF2289600E448B2 /* BusinessDelegate.swift */ = {isa = PBXFileReference; fileEncoding = 4; lastKnownFileType = sourcecode.swift; path = BusinessDelegate.swift; sourceTree = "<group>"; };
		B2CCCBC51AF2289600E448B2 /* BusinessRacProtocol.swift */ = {isa = PBXFileReference; fileEncoding = 4; lastKnownFileType = sourcecode.swift; path = BusinessRacProtocol.swift; sourceTree = "<group>"; };
		B2CCCBC71AF2289600E448B2 /* BaseHttpConnect.swift */ = {isa = PBXFileReference; fileEncoding = 4; lastKnownFileType = sourcecode.swift; path = BaseHttpConnect.swift; sourceTree = "<group>"; };
		B2CCCBC81AF2289600E448B2 /* FileHttpConnect.swift */ = {isa = PBXFileReference; fileEncoding = 4; lastKnownFileType = sourcecode.swift; path = FileHttpConnect.swift; sourceTree = "<group>"; };
		B2CCCBC91AF2289600E448B2 /* HttpConnectDelegate.swift */ = {isa = PBXFileReference; fileEncoding = 4; lastKnownFileType = sourcecode.swift; path = HttpConnectDelegate.swift; sourceTree = "<group>"; };
		B2CCCBCA1AF2289600E448B2 /* HttpConnectProtocol.swift */ = {isa = PBXFileReference; fileEncoding = 4; lastKnownFileType = sourcecode.swift; path = HttpConnectProtocol.swift; sourceTree = "<group>"; };
		B2CCCBCC1AF2289600E448B2 /* JsonHttpConnect.swift */ = {isa = PBXFileReference; fileEncoding = 4; lastKnownFileType = sourcecode.swift; path = JsonHttpConnect.swift; sourceTree = "<group>"; };
		B2CCCBDF1AF23E5200E448B2 /* LogUtil.swift */ = {isa = PBXFileReference; fileEncoding = 4; lastKnownFileType = sourcecode.swift; name = LogUtil.swift; path = Utils/LogUtil.swift; sourceTree = "<group>"; };
		B2CCCBE11AF240D200E448B2 /* UserLoginBusiness.swift */ = {isa = PBXFileReference; fileEncoding = 4; lastKnownFileType = sourcecode.swift; path = UserLoginBusiness.swift; sourceTree = "<group>"; };
		B2E4A2E41AF909CF0065D859 /* LlamaKit.framework */ = {isa = PBXFileReference; lastKnownFileType = wrapper.framework; path = LlamaKit.framework; sourceTree = "<group>"; };
		B2E4A2E51AF909CF0065D859 /* ReactiveCocoa.framework */ = {isa = PBXFileReference; lastKnownFileType = wrapper.framework; path = ReactiveCocoa.framework; sourceTree = "<group>"; };
		B2F6FB511AF26D4A0055E213 /* BaseViewModel.swift */ = {isa = PBXFileReference; fileEncoding = 4; lastKnownFileType = sourcecode.swift; name = BaseViewModel.swift; path = ViewModel/BaseViewModel.swift; sourceTree = "<group>"; };
		E9F241D6E0025A0802326458 /* Pods-AppCodeFrame.release.xcconfig */ = {isa = PBXFileReference; includeInIndex = 1; lastKnownFileType = text.xcconfig; name = "Pods-AppCodeFrame.release.xcconfig"; path = "Pods/Target Support Files/Pods-AppCodeFrame/Pods-AppCodeFrame.release.xcconfig"; sourceTree = "<group>"; };
/* End PBXFileReference section */

/* Begin PBXFrameworksBuildPhase section */
		B2CCCB931AF227D700E448B2 /* Frameworks */ = {
			isa = PBXFrameworksBuildPhase;
			buildActionMask = 2147483647;
			files = (
				2503F89910EE36A07BB3369C /* Pods_AppCodeFrame.framework in Frameworks */,
			);
			runOnlyForDeploymentPostprocessing = 0;
		};
		B2CCCBA81AF227D800E448B2 /* Frameworks */ = {
			isa = PBXFrameworksBuildPhase;
			buildActionMask = 2147483647;
			files = (
			);
			runOnlyForDeploymentPostprocessing = 0;
		};
/* End PBXFrameworksBuildPhase section */

/* Begin PBXGroup section */
		1815C968331BF9CAE369AB4A /* Pods */ = {
			isa = PBXGroup;
			children = (
				9994287112EF0E11C4692EAA /* Pods-AppCodeFrame.debug.xcconfig */,
				E9F241D6E0025A0802326458 /* Pods-AppCodeFrame.release.xcconfig */,
			);
			name = Pods;
			sourceTree = "<group>";
		};
		B2CCCB8D1AF227D700E448B2 = {
			isa = PBXGroup;
			children = (
				B2CCCB981AF227D700E448B2 /* AppCodeFrame */,
				B2CCCBAE1AF227D800E448B2 /* AppCodeFrameTests */,
				B2CCCB971AF227D700E448B2 /* Products */,
				1815C968331BF9CAE369AB4A /* Pods */,
				BA58F9BD6A56CB1CBCDD90E6 /* Frameworks */,
			);
			sourceTree = "<group>";
		};
		B2CCCB971AF227D700E448B2 /* Products */ = {
			isa = PBXGroup;
			children = (
				B2CCCB961AF227D700E448B2 /* AppCodeFrame.app */,
				B2CCCBAB1AF227D800E448B2 /* AppCodeFrameTests.xctest */,
			);
			name = Products;
			sourceTree = "<group>";
		};
		B2CCCB981AF227D700E448B2 /* AppCodeFrame */ = {
			isa = PBXGroup;
			children = (
				B2CCCB9B1AF227D700E448B2 /* AppDelegate.swift */,
				B2CCCB9D1AF227D700E448B2 /* ViewController.swift */,
				B2CCCB9F1AF227D800E448B2 /* Main.storyboard */,
				B2CCCBA41AF227D800E448B2 /* LaunchScreen.xib */,
				B2F6FB4E1AF26CFE0055E213 /* ViewModel */,
				B2CCCBBB1AF2289600E448B2 /* Model */,
				B2CCCBBF1AF2289600E448B2 /* Store */,
				B2CCCBDE1AF23E1100E448B2 /* Utils */,
				B2CCCBBD1AF2289600E448B2 /* Resources */,
				B2CCCB991AF227D700E448B2 /* Supporting Files */,
			);
			path = AppCodeFrame;
			sourceTree = "<group>";
		};
		B2CCCB991AF227D700E448B2 /* Supporting Files */ = {
			isa = PBXGroup;
			children = (
				B2CCCB9A1AF227D700E448B2 /* Info.plist */,
			);
			name = "Supporting Files";
			sourceTree = "<group>";
		};
		B2CCCBAE1AF227D800E448B2 /* AppCodeFrameTests */ = {
			isa = PBXGroup;
			children = (
				B2CCCBB11AF227D800E448B2 /* AppCodeFrameTests.swift */,
				B2CCCBAF1AF227D800E448B2 /* Supporting Files */,
			);
			path = AppCodeFrameTests;
			sourceTree = "<group>";
		};
		B2CCCBAF1AF227D800E448B2 /* Supporting Files */ = {
			isa = PBXGroup;
			children = (
				B2CCCBB01AF227D800E448B2 /* Info.plist */,
			);
			name = "Supporting Files";
			sourceTree = "<group>";
		};
		B2CCCBBB1AF2289600E448B2 /* Model */ = {
			isa = PBXGroup;
			children = (
				B2CCCBBC1AF2289600E448B2 /* BaseModel.swift */,
			);
			path = Model;
			sourceTree = "<group>";
		};
		B2CCCBBD1AF2289600E448B2 /* Resources */ = {
			isa = PBXGroup;
			children = (
				B2CCCBBE1AF2289600E448B2 /* Images.xcassets */,
			);
			path = Resources;
			sourceTree = "<group>";
		};
		B2CCCBBF1AF2289600E448B2 /* Store */ = {
			isa = PBXGroup;
			children = (
				B2CCCBC01AF2289600E448B2 /* BusinessApi */,
			);
			path = Store;
			sourceTree = "<group>";
		};
		B2CCCBC01AF2289600E448B2 /* BusinessApi */ = {
			isa = PBXGroup;
			children = (
				B2CCCBE11AF240D200E448B2 /* UserLoginBusiness.swift */,
				B2CCCBC11AF2289600E448B2 /* BaseBusiness.swift */,
				B2CCCBC21AF2289600E448B2 /* BaseBusinessRacExtension.swift */,
				B2CCCBC31AF2289600E448B2 /* BusinessProtocol.swift */,
				B2CCCBC41AF2289600E448B2 /* BusinessDelegate.swift */,
				B2CCCBC51AF2289600E448B2 /* BusinessRacProtocol.swift */,
				B2CCCBC61AF2289600E448B2 /* HttpConnect */,
			);
			path = BusinessApi;
			sourceTree = "<group>";
		};
		B2CCCBC61AF2289600E448B2 /* HttpConnect */ = {
			isa = PBXGroup;
			children = (
				B2CCCBC71AF2289600E448B2 /* BaseHttpConnect.swift */,
				B2CCCBC81AF2289600E448B2 /* FileHttpConnect.swift */,
				B2CCCBC91AF2289600E448B2 /* HttpConnectDelegate.swift */,
				B2CCCBCA1AF2289600E448B2 /* HttpConnectProtocol.swift */,
				B2CCCBCC1AF2289600E448B2 /* JsonHttpConnect.swift */,
			);
			path = HttpConnect;
			sourceTree = "<group>";
		};
		B2CCCBDE1AF23E1100E448B2 /* Utils */ = {
			isa = PBXGroup;
			children = (
				B2CCCBDF1AF23E5200E448B2 /* LogUtil.swift */,
			);
			name = Utils;
			sourceTree = "<group>";
		};
		B2F6FB4E1AF26CFE0055E213 /* ViewModel */ = {
			isa = PBXGroup;
			children = (
				B2F6FB511AF26D4A0055E213 /* BaseViewModel.swift */,
			);
			name = ViewModel;
			sourceTree = "<group>";
		};
		BA58F9BD6A56CB1CBCDD90E6 /* Frameworks */ = {
			isa = PBXGroup;
			children = (
				B2E4A2E41AF909CF0065D859 /* LlamaKit.framework */,
				B2E4A2E51AF909CF0065D859 /* ReactiveCocoa.framework */,
				58ACF3D6EE18E6EAD3BF1CC8 /* Pods_AppCodeFrame.framework */,
			);
			name = Frameworks;
			sourceTree = "<group>";
		};
/* End PBXGroup section */

/* Begin PBXNativeTarget section */
		B2CCCB951AF227D700E448B2 /* AppCodeFrame */ = {
			isa = PBXNativeTarget;
			buildConfigurationList = B2CCCBB51AF227D800E448B2 /* Build configuration list for PBXNativeTarget "AppCodeFrame" */;
			buildPhases = (
				8B9EC7095DCFC1FFEB951506 /* Check Pods Manifest.lock */,
				B2CCCB921AF227D700E448B2 /* Sources */,
				B2CCCB931AF227D700E448B2 /* Frameworks */,
				B2CCCB941AF227D700E448B2 /* Resources */,
				876245F1CD09438D339F0F1A /* Embed Pods Frameworks */,
				9DB5E001B0ED07806ADE7B83 /* Copy Pods Resources */,
			);
			buildRules = (
			);
			dependencies = (
			);
			name = AppCodeFrame;
			productName = AppCodeFrame;
			productReference = B2CCCB961AF227D700E448B2 /* AppCodeFrame.app */;
			productType = "com.apple.product-type.application";
		};
		B2CCCBAA1AF227D800E448B2 /* AppCodeFrameTests */ = {
			isa = PBXNativeTarget;
			buildConfigurationList = B2CCCBB81AF227D800E448B2 /* Build configuration list for PBXNativeTarget "AppCodeFrameTests" */;
			buildPhases = (
				B2CCCBA71AF227D800E448B2 /* Sources */,
				B2CCCBA81AF227D800E448B2 /* Frameworks */,
				B2CCCBA91AF227D800E448B2 /* Resources */,
			);
			buildRules = (
			);
			dependencies = (
				B2CCCBAD1AF227D800E448B2 /* PBXTargetDependency */,
			);
			name = AppCodeFrameTests;
			productName = AppCodeFrameTests;
			productReference = B2CCCBAB1AF227D800E448B2 /* AppCodeFrameTests.xctest */;
			productType = "com.apple.product-type.bundle.unit-test";
		};
/* End PBXNativeTarget section */

/* Begin PBXProject section */
		B2CCCB8E1AF227D700E448B2 /* Project object */ = {
			isa = PBXProject;
			attributes = {
				LastUpgradeCheck = 0630;
				ORGANIZATIONNAME = jayden;
				TargetAttributes = {
					B2CCCB951AF227D700E448B2 = {
						CreatedOnToolsVersion = 6.3;
					};
					B2CCCBAA1AF227D800E448B2 = {
						CreatedOnToolsVersion = 6.3;
						TestTargetID = B2CCCB951AF227D700E448B2;
					};
				};
			};
			buildConfigurationList = B2CCCB911AF227D700E448B2 /* Build configuration list for PBXProject "AppCodeFrame" */;
			compatibilityVersion = "Xcode 3.2";
			developmentRegion = English;
			hasScannedForEncodings = 0;
			knownRegions = (
				en,
				Base,
			);
			mainGroup = B2CCCB8D1AF227D700E448B2;
			productRefGroup = B2CCCB971AF227D700E448B2 /* Products */;
			projectDirPath = "";
			projectRoot = "";
			targets = (
				B2CCCB951AF227D700E448B2 /* AppCodeFrame */,
				B2CCCBAA1AF227D800E448B2 /* AppCodeFrameTests */,
			);
		};
/* End PBXProject section */

/* Begin PBXResourcesBuildPhase section */
		B2CCCB941AF227D700E448B2 /* Resources */ = {
			isa = PBXResourcesBuildPhase;
			buildActionMask = 2147483647;
			files = (
				B2CCCBA11AF227D800E448B2 /* Main.storyboard in Resources */,
				B2CCCBCE1AF2289600E448B2 /* Images.xcassets in Resources */,
				B2CCCBA61AF227D800E448B2 /* LaunchScreen.xib in Resources */,
			);
			runOnlyForDeploymentPostprocessing = 0;
		};
		B2CCCBA91AF227D800E448B2 /* Resources */ = {
			isa = PBXResourcesBuildPhase;
			buildActionMask = 2147483647;
			files = (
			);
			runOnlyForDeploymentPostprocessing = 0;
		};
/* End PBXResourcesBuildPhase section */

/* Begin PBXShellScriptBuildPhase section */
		876245F1CD09438D339F0F1A /* Embed Pods Frameworks */ = {
			isa = PBXShellScriptBuildPhase;
			buildActionMask = 2147483647;
			files = (
			);
			inputPaths = (
			);
			name = "Embed Pods Frameworks";
			outputPaths = (
			);
			runOnlyForDeploymentPostprocessing = 0;
			shellPath = /bin/sh;
			shellScript = "\"${SRCROOT}/Pods/Target Support Files/Pods-AppCodeFrame/Pods-AppCodeFrame-frameworks.sh\"\n";
			showEnvVarsInLog = 0;
		};
		8B9EC7095DCFC1FFEB951506 /* Check Pods Manifest.lock */ = {
			isa = PBXShellScriptBuildPhase;
			buildActionMask = 2147483647;
			files = (
			);
			inputPaths = (
			);
			name = "Check Pods Manifest.lock";
			outputPaths = (
			);
			runOnlyForDeploymentPostprocessing = 0;
			shellPath = /bin/sh;
			shellScript = "diff \"${PODS_ROOT}/../Podfile.lock\" \"${PODS_ROOT}/Manifest.lock\" > /dev/null\nif [[ $? != 0 ]] ; then\n    cat << EOM\nerror: The sandbox is not in sync with the Podfile.lock. Run 'pod install' or update your CocoaPods installation.\nEOM\n    exit 1\nfi\n";
			showEnvVarsInLog = 0;
		};
		9DB5E001B0ED07806ADE7B83 /* Copy Pods Resources */ = {
			isa = PBXShellScriptBuildPhase;
			buildActionMask = 2147483647;
			files = (
			);
			inputPaths = (
			);
			name = "Copy Pods Resources";
			outputPaths = (
			);
			runOnlyForDeploymentPostprocessing = 0;
			shellPath = /bin/sh;
			shellScript = "\"${SRCROOT}/Pods/Target Support Files/Pods-AppCodeFrame/Pods-AppCodeFrame-resources.sh\"\n";
			showEnvVarsInLog = 0;
		};
/* End PBXShellScriptBuildPhase section */

/* Begin PBXSourcesBuildPhase section */
		B2CCCB921AF227D700E448B2 /* Sources */ = {
			isa = PBXSourcesBuildPhase;
			buildActionMask = 2147483647;
			files = (
				B2CCCBD31AF2289600E448B2 /* BusinessRacProtocol.swift in Sources */,
				B2CCCBCF1AF2289600E448B2 /* BaseBusiness.swift in Sources */,
				B2CCCBD11AF2289600E448B2 /* BusinessProtocol.swift in Sources */,
				B2CCCBD41AF2289600E448B2 /* BaseHttpConnect.swift in Sources */,
				B2CCCBD01AF2289600E448B2 /* BaseBusinessRacExtension.swift in Sources */,
				B2F6FB521AF26D4A0055E213 /* BaseViewModel.swift in Sources */,
				B2CCCBCD1AF2289600E448B2 /* BaseModel.swift in Sources */,
				B2CCCBE21AF240D200E448B2 /* UserLoginBusiness.swift in Sources */,
				B2CCCBD51AF2289600E448B2 /* FileHttpConnect.swift in Sources */,
				B2CCCBE01AF23E5200E448B2 /* LogUtil.swift in Sources */,
				B2CCCBD21AF2289600E448B2 /* BusinessDelegate.swift in Sources */,
				B2CCCBD71AF2289600E448B2 /* HttpConnectProtocol.swift in Sources */,
				B2CCCB9E1AF227D700E448B2 /* ViewController.swift in Sources */,
				B2CCCB9C1AF227D700E448B2 /* AppDelegate.swift in Sources */,
				B2CCCBD91AF2289600E448B2 /* JsonHttpConnect.swift in Sources */,
				B2CCCBD61AF2289600E448B2 /* HttpConnectDelegate.swift in Sources */,
			);
			runOnlyForDeploymentPostprocessing = 0;
		};
		B2CCCBA71AF227D800E448B2 /* Sources */ = {
			isa = PBXSourcesBuildPhase;
			buildActionMask = 2147483647;
			files = (
				B2CCCBB21AF227D800E448B2 /* AppCodeFrameTests.swift in Sources */,
			);
			runOnlyForDeploymentPostprocessing = 0;
		};
/* End PBXSourcesBuildPhase section */

/* Begin PBXTargetDependency section */
		B2CCCBAD1AF227D800E448B2 /* PBXTargetDependency */ = {
			isa = PBXTargetDependency;
			target = B2CCCB951AF227D700E448B2 /* AppCodeFrame */;
			targetProxy = B2CCCBAC1AF227D800E448B2 /* PBXContainerItemProxy */;
		};
/* End PBXTargetDependency section */

/* Begin PBXVariantGroup section */
		B2CCCB9F1AF227D800E448B2 /* Main.storyboard */ = {
			isa = PBXVariantGroup;
			children = (
				B2CCCBA01AF227D800E448B2 /* Base */,
			);
			name = Main.storyboard;
			sourceTree = "<group>";
		};
		B2CCCBA41AF227D800E448B2 /* LaunchScreen.xib */ = {
			isa = PBXVariantGroup;
			children = (
				B2CCCBA51AF227D800E448B2 /* Base */,
			);
			name = LaunchScreen.xib;
			sourceTree = "<group>";
		};
/* End PBXVariantGroup section */

/* Begin XCBuildConfiguration section */
		B2CCCBB31AF227D800E448B2 /* Debug */ = {
			isa = XCBuildConfiguration;
			buildSettings = {
				ALWAYS_SEARCH_USER_PATHS = NO;
				CLANG_CXX_LANGUAGE_STANDARD = "gnu++0x";
				CLANG_CXX_LIBRARY = "libc++";
				CLANG_ENABLE_MODULES = YES;
				CLANG_ENABLE_OBJC_ARC = YES;
				CLANG_WARN_BOOL_CONVERSION = YES;
				CLANG_WARN_CONSTANT_CONVERSION = YES;
				CLANG_WARN_DIRECT_OBJC_ISA_USAGE = YES_ERROR;
				CLANG_WARN_EMPTY_BODY = YES;
				CLANG_WARN_ENUM_CONVERSION = YES;
				CLANG_WARN_INT_CONVERSION = YES;
				CLANG_WARN_OBJC_ROOT_CLASS = YES_ERROR;
				CLANG_WARN_UNREACHABLE_CODE = YES;
				CLANG_WARN__DUPLICATE_METHOD_MATCH = YES;
				"CODE_SIGN_IDENTITY[sdk=iphoneos*]" = "iPhone Developer";
				COPY_PHASE_STRIP = NO;
				DEBUG_INFORMATION_FORMAT = "dwarf-with-dsym";
				ENABLE_STRICT_OBJC_MSGSEND = YES;
				GCC_C_LANGUAGE_STANDARD = gnu99;
				GCC_DYNAMIC_NO_PIC = NO;
				GCC_NO_COMMON_BLOCKS = YES;
				GCC_OPTIMIZATION_LEVEL = 0;
				GCC_PREPROCESSOR_DEFINITIONS = (
					"DEBUG=1",
					"$(inherited)",
				);
				GCC_SYMBOLS_PRIVATE_EXTERN = NO;
				GCC_WARN_64_TO_32_BIT_CONVERSION = YES;
				GCC_WARN_ABOUT_RETURN_TYPE = YES_ERROR;
				GCC_WARN_UNDECLARED_SELECTOR = YES;
				GCC_WARN_UNINITIALIZED_AUTOS = YES_AGGRESSIVE;
				GCC_WARN_UNUSED_FUNCTION = YES;
				GCC_WARN_UNUSED_VARIABLE = YES;
				IPHONEOS_DEPLOYMENT_TARGET = 8.3;
				MTL_ENABLE_DEBUG_INFO = YES;
				ONLY_ACTIVE_ARCH = YES;
				SDKROOT = iphoneos;
				SWIFT_OPTIMIZATION_LEVEL = "-Onone";
				TARGETED_DEVICE_FAMILY = "1,2";
			};
			name = Debug;
		};
		B2CCCBB41AF227D800E448B2 /* Release */ = {
			isa = XCBuildConfiguration;
			buildSettings = {
				ALWAYS_SEARCH_USER_PATHS = NO;
				CLANG_CXX_LANGUAGE_STANDARD = "gnu++0x";
				CLANG_CXX_LIBRARY = "libc++";
				CLANG_ENABLE_MODULES = YES;
				CLANG_ENABLE_OBJC_ARC = YES;
				CLANG_WARN_BOOL_CONVERSION = YES;
				CLANG_WARN_CONSTANT_CONVERSION = YES;
				CLANG_WARN_DIRECT_OBJC_ISA_USAGE = YES_ERROR;
				CLANG_WARN_EMPTY_BODY = YES;
				CLANG_WARN_ENUM_CONVERSION = YES;
				CLANG_WARN_INT_CONVERSION = YES;
				CLANG_WARN_OBJC_ROOT_CLASS = YES_ERROR;
				CLANG_WARN_UNREACHABLE_CODE = YES;
				CLANG_WARN__DUPLICATE_METHOD_MATCH = YES;
				"CODE_SIGN_IDENTITY[sdk=iphoneos*]" = "iPhone Developer";
				COPY_PHASE_STRIP = NO;
				DEBUG_INFORMATION_FORMAT = "dwarf-with-dsym";
				ENABLE_NS_ASSERTIONS = NO;
				ENABLE_STRICT_OBJC_MSGSEND = YES;
				GCC_C_LANGUAGE_STANDARD = gnu99;
				GCC_NO_COMMON_BLOCKS = YES;
				GCC_WARN_64_TO_32_BIT_CONVERSION = YES;
				GCC_WARN_ABOUT_RETURN_TYPE = YES_ERROR;
				GCC_WARN_UNDECLARED_SELECTOR = YES;
				GCC_WARN_UNINITIALIZED_AUTOS = YES_AGGRESSIVE;
				GCC_WARN_UNUSED_FUNCTION = YES;
				GCC_WARN_UNUSED_VARIABLE = YES;
				IPHONEOS_DEPLOYMENT_TARGET = 8.3;
				MTL_ENABLE_DEBUG_INFO = NO;
				SDKROOT = iphoneos;
				TARGETED_DEVICE_FAMILY = "1,2";
				VALIDATE_PRODUCT = YES;
			};
			name = Release;
		};
		B2CCCBB61AF227D800E448B2 /* Debug */ = {
			isa = XCBuildConfiguration;
			baseConfigurationReference = 9994287112EF0E11C4692EAA /* Pods-AppCodeFrame.debug.xcconfig */;
			buildSettings = {
				ASSETCATALOG_COMPILER_APPICON_NAME = AppIcon;
				FRAMEWORK_SEARCH_PATHS = (
					"$(inherited)",
					"$(PROJECT_DIR)",
				);
				INFOPLIST_FILE = AppCodeFrame/Info.plist;
				LD_RUNPATH_SEARCH_PATHS = "$(inherited) @executable_path/Frameworks";
				PRODUCT_NAME = "$(TARGET_NAME)";
			};
			name = Debug;
		};
		B2CCCBB71AF227D800E448B2 /* Release */ = {
			isa = XCBuildConfiguration;
			baseConfigurationReference = E9F241D6E0025A0802326458 /* Pods-AppCodeFrame.release.xcconfig */;
			buildSettings = {
				ASSETCATALOG_COMPILER_APPICON_NAME = AppIcon;
				FRAMEWORK_SEARCH_PATHS = (
					"$(inherited)",
					"$(PROJECT_DIR)",
				);
				INFOPLIST_FILE = AppCodeFrame/Info.plist;
				LD_RUNPATH_SEARCH_PATHS = "$(inherited) @executable_path/Frameworks";
				PRODUCT_NAME = "$(TARGET_NAME)";
			};
			name = Release;
		};
		B2CCCBB91AF227D800E448B2 /* Debug */ = {
			isa = XCBuildConfiguration;
			buildSettings = {
				BUNDLE_LOADER = "$(TEST_HOST)";
				FRAMEWORK_SEARCH_PATHS = (
					"$(SDKROOT)/Developer/Library/Frameworks",
					"$(inherited)",
				);
				GCC_PREPROCESSOR_DEFINITIONS = (
					"DEBUG=1",
					"$(inherited)",
				);
				INFOPLIST_FILE = AppCodeFrameTests/Info.plist;
				LD_RUNPATH_SEARCH_PATHS = "$(inherited) @executable_path/Frameworks @loader_path/Frameworks";
				PRODUCT_NAME = "$(TARGET_NAME)";
				TEST_HOST = "$(BUILT_PRODUCTS_DIR)/AppCodeFrame.app/AppCodeFrame";
			};
			name = Debug;
		};
		B2CCCBBA1AF227D800E448B2 /* Release */ = {
			isa = XCBuildConfiguration;
			buildSettings = {
				BUNDLE_LOADER = "$(TEST_HOST)";
				FRAMEWORK_SEARCH_PATHS = (
					"$(SDKROOT)/Developer/Library/Frameworks",
					"$(inherited)",
				);
				INFOPLIST_FILE = AppCodeFrameTests/Info.plist;
				LD_RUNPATH_SEARCH_PATHS = "$(inherited) @executable_path/Frameworks @loader_path/Frameworks";
				PRODUCT_NAME = "$(TARGET_NAME)";
				TEST_HOST = "$(BUILT_PRODUCTS_DIR)/AppCodeFrame.app/AppCodeFrame";
			};
			name = Release;
		};
/* End XCBuildConfiguration section */

/* Begin XCConfigurationList section */
		B2CCCB911AF227D700E448B2 /* Build configuration list for PBXProject "AppCodeFrame" */ = {
			isa = XCConfigurationList;
			buildConfigurations = (
				B2CCCBB31AF227D800E448B2 /* Debug */,
				B2CCCBB41AF227D800E448B2 /* Release */,
			);
			defaultConfigurationIsVisible = 0;
			defaultConfigurationName = Release;
		};
		B2CCCBB51AF227D800E448B2 /* Build configuration list for PBXNativeTarget "AppCodeFrame" */ = {
			isa = XCConfigurationList;
			buildConfigurations = (
				B2CCCBB61AF227D800E448B2 /* Debug */,
				B2CCCBB71AF227D800E448B2 /* Release */,
			);
			defaultConfigurationIsVisible = 0;
			defaultConfigurationName = Release;
		};
		B2CCCBB81AF227D800E448B2 /* Build configuration list for PBXNativeTarget "AppCodeFrameTests" */ = {
			isa = XCConfigurationList;
			buildConfigurations = (
				B2CCCBB91AF227D800E448B2 /* Debug */,
				B2CCCBBA1AF227D800E448B2 /* Release */,
			);
			defaultConfigurationIsVisible = 0;
			defaultConfigurationName = Release;
		};
/* End XCConfigurationList section */
	};
	rootObject = B2CCCB8E1AF227D700E448B2 /* Project object */;
}
